
Microsoft Visual Studio Solution File, Format Version 12.00
# Visual Studio Version 16
VisualStudioVersion = 16.0.32413.511
MinimumVisualStudioVersion = 10.0.40219.1
Project("{FAE04EC0-301F-11D3-BF4B-00C04F79EFBC}") = "DayWeekApp", "DayWeekApp.csproj", "{EF617A9B-90F6-4162-8015-4E7212D98FEB}"
EndProject
Project("{FAE04EC0-301F-11D3-BF4B-00C04F79EFBC}") = "DayWeekApp.Core", "..\DayWeekApp.Core\DayWeekApp.Core.csproj", "{0A4686AB-6741-4E27-8B2E-7695DD55B652}"
EndProject
Global
	GlobalSection(SolutionConfigurationPlatforms) = preSolution
		Debug|Any CPU = Debug|Any CPU
		Release|Any CPU = Release|Any CPU
	EndGlobalSection
	GlobalSection(ProjectConfigurationPlatforms) = postSolution
		{EF617A9B-90F6-4162-8015-4E7212D98FEB}.Debug|Any CPU.ActiveCfg = Debug|Any CPU
		{EF617A9B-90F6-4162-8015-4E7212D98FEB}.Debug|Any CPU.Build.0 = Debug|Any CPU
		{EF617A9B-90F6-4162-8015-4E7212D98FEB}.Release|Any CPU.ActiveCfg = Release|Any CPU
		{EF617A9B-90F6-4162-8015-4E7212D98FEB}.Release|Any CPU.Build.0 = Release|Any CPU
		{0A4686AB-6741-4E27-8B2E-7695DD55B652}.Debug|Any CPU.ActiveCfg = Debug|Any CPU
		{0A4686AB-6741-4E27-8B2E-7695DD55B652}.Debug|Any CPU.Build.0 = Debug|Any CPU
		{0A4686AB-6741-4E27-8B2E-7695DD55B652}.Release|Any CPU.ActiveCfg = Release|Any CPU
		{0A4686AB-6741-4E27-8B2E-7695DD55B652}.Release|Any CPU.Build.0 = Release|Any CPU
	EndGlobalSection
	GlobalSection(SolutionProperties) = preSolution
		HideSolutionNode = FALSE
	EndGlobalSection
	GlobalSection(ExtensibilityGlobals) = postSolution
		SolutionGuid = {481AC1BA-0502-4AD6-9B5A-2167B9462030}
	EndGlobalSection
EndGlobal
